
Microsoft Visual Studio Solution File, Format Version 12.00
# Visual Studio Version 17
VisualStudioVersion = 17.5.33530.505
MinimumVisualStudioVersion = 10.0.40219.1
Project("{FAE04EC0-301F-11D3-BF4B-00C04F79EFBC}") = "CarVilla_Ecommerce_Project", "CarVilla_Ecommerce_Project\CarVilla_Ecommerce_Project.csproj", "{A41C4DFE-7D28-4BA7-975E-62B293A9AE4F}"
EndProject
Global
	GlobalSection(SolutionConfigurationPlatforms) = preSolution
		Debug|Any CPU = Debug|Any CPU
		Release|Any CPU = Release|Any CPU
	EndGlobalSection
	GlobalSection(ProjectConfigurationPlatforms) = postSolution
		{A41C4DFE-7D28-4BA7-975E-62B293A9AE4F}.Debug|Any CPU.ActiveCfg = Debug|Any CPU
		{A41C4DFE-7D28-4BA7-975E-62B293A9AE4F}.Debug|Any CPU.Build.0 = Debug|Any CPU
		{A41C4DFE-7D28-4BA7-975E-62B293A9AE4F}.Release|Any CPU.ActiveCfg = Release|Any CPU
		{A41C4DFE-7D28-4BA7-975E-62B293A9AE4F}.Release|Any CPU.Build.0 = Release|Any CPU
	EndGlobalSection
	GlobalSection(SolutionProperties) = preSolution
		HideSolutionNode = FALSE
	EndGlobalSection
	GlobalSection(ExtensibilityGlobals) = postSolution
		SolutionGuid = {17AC33CE-2FE6-4F9A-871B-4AC9E3255A86}
	EndGlobalSection
EndGlobal
